
Microsoft Visual Studio Solution File, Format Version 12.00
# Visual Studio Version 17
VisualStudioVersion = 17.2.32602.215
MinimumVisualStudioVersion = 10.0.40219.1
Project("{FAE04EC0-301F-11D3-BF4B-00C04F79EFBC}") = "OnlineShopping", "OnlineShopping\OnlineShopping.csproj", "{8E0DE97C-FBE8-4E36-865B-785218D8EA41}"
EndProject
Global
	GlobalSection(SolutionConfigurationPlatforms) = preSolution
		Debug|Any CPU = Debug|Any CPU
		Release|Any CPU = Release|Any CPU
	EndGlobalSection
	GlobalSection(ProjectConfigurationPlatforms) = postSolution
		{8E0DE97C-FBE8-4E36-865B-785218D8EA41}.Debug|Any CPU.ActiveCfg = Debug|Any CPU
		{8E0DE97C-FBE8-4E36-865B-785218D8EA41}.Debug|Any CPU.Build.0 = Debug|Any CPU
		{8E0DE97C-FBE8-4E36-865B-785218D8EA41}.Release|Any CPU.ActiveCfg = Release|Any CPU
		{8E0DE97C-FBE8-4E36-865B-785218D8EA41}.Release|Any CPU.Build.0 = Release|Any CPU
	EndGlobalSection
	GlobalSection(SolutionProperties) = preSolution
		HideSolutionNode = FALSE
	EndGlobalSection
	GlobalSection(ExtensibilityGlobals) = postSolution
		SolutionGuid = {0F899DFC-8ECC-4C83-BCAD-AA2393970B8C}
	EndGlobalSection
EndGlobal
